
Microsoft Visual Studio Solution File, Format Version 12.00
# Visual Studio Version 17
VisualStudioVersion = 17.1.32414.318
MinimumVisualStudioVersion = 10.0.40219.1
Project("{9A19103F-16F7-4668-BE54-9A1E7A4F7556}") = "Cms.WebApi", "Cms.WebApi\Cms.WebApi.csproj", "{8742E209-F040-4F4A-9780-5A154F585C5F}"
EndProject
Project("{FAE04EC0-301F-11D3-BF4B-00C04F79EFBC}") = "Cms.Data.Repository", "Cms.Data.Repository\Cms.Data.Repository.csproj", "{F78B6EDD-1592-483E-B136-B28D9A19A9FC}"
EndProject
Global
	GlobalSection(SolutionConfigurationPlatforms) = preSolution
		Debug|Any CPU = Debug|Any CPU
		Release|Any CPU = Release|Any CPU
	EndGlobalSection
	GlobalSection(ProjectConfigurationPlatforms) = postSolution
		{8742E209-F040-4F4A-9780-5A154F585C5F}.Debug|Any CPU.ActiveCfg = Debug|Any CPU
		{8742E209-F040-4F4A-9780-5A154F585C5F}.Debug|Any CPU.Build.0 = Debug|Any CPU
		{8742E209-F040-4F4A-9780-5A154F585C5F}.Release|Any CPU.ActiveCfg = Release|Any CPU
		{8742E209-F040-4F4A-9780-5A154F585C5F}.Release|Any CPU.Build.0 = Release|Any CPU
		{F78B6EDD-1592-483E-B136-B28D9A19A9FC}.Debug|Any CPU.ActiveCfg = Debug|Any CPU
		{F78B6EDD-1592-483E-B136-B28D9A19A9FC}.Debug|Any CPU.Build.0 = Debug|Any CPU
		{F78B6EDD-1592-483E-B136-B28D9A19A9FC}.Release|Any CPU.ActiveCfg = Release|Any CPU
		{F78B6EDD-1592-483E-B136-B28D9A19A9FC}.Release|Any CPU.Build.0 = Release|Any CPU
	EndGlobalSection
	GlobalSection(SolutionProperties) = preSolution
		HideSolutionNode = FALSE
	EndGlobalSection
	GlobalSection(ExtensibilityGlobals) = postSolution
		SolutionGuid = {402922D1-A4C3-45FE-96C0-FE0A57341977}
	EndGlobalSection
EndGlobal
